
Microsoft Visual Studio Solution File, Format Version 12.00
# Visual Studio Version 16
VisualStudioVersion = 16.0.31205.134
MinimumVisualStudioVersion = 10.0.40219.1
Project("{FAE04EC0-301F-11D3-BF4B-00C04F79EFBC}") = "ErpDashboard", "ErpDashboard\ErpDashboard.csproj", "{BFC25BCF-357B-4E5E-B54E-12AC74EC67B5}"
EndProject
Global
	GlobalSection(SolutionConfigurationPlatforms) = preSolution
		Debug|Any CPU = Debug|Any CPU
		Release|Any CPU = Release|Any CPU
	EndGlobalSection
	GlobalSection(ProjectConfigurationPlatforms) = postSolution
		{BFC25BCF-357B-4E5E-B54E-12AC74EC67B5}.Debug|Any CPU.ActiveCfg = Debug|Any CPU
		{BFC25BCF-357B-4E5E-B54E-12AC74EC67B5}.Debug|Any CPU.Build.0 = Debug|Any CPU
		{BFC25BCF-357B-4E5E-B54E-12AC74EC67B5}.Release|Any CPU.ActiveCfg = Release|Any CPU
		{BFC25BCF-357B-4E5E-B54E-12AC74EC67B5}.Release|Any CPU.Build.0 = Release|Any CPU
	EndGlobalSection
	GlobalSection(SolutionProperties) = preSolution
		HideSolutionNode = FALSE
	EndGlobalSection
	GlobalSection(ExtensibilityGlobals) = postSolution
		SolutionGuid = {EA64933F-F466-4B58-99EF-3C3203255571}
	EndGlobalSection
EndGlobal
